// !$*UTF8*$!
{
	archiveVersion = 1;
	classes = {
	};
	objectVersion = 50;
	objects = {

/* Begin PBXBuildFile section */
		BB0A9420224983B5000ABEEA /* PickerViewController.swift in Sources */ = {isa = PBXBuildFile; fileRef = BB0A941F224983B5000ABEEA /* PickerViewController.swift */; };
		BB0CE846223D8C4300A6A1B8 /* ImagePickerModel.swift in Sources */ = {isa = PBXBuildFile; fileRef = BB0CE845223D8C4300A6A1B8 /* ImagePickerModel.swift */; };
		BB5F44722226DB2500C77C54 /* AppDelegate.swift in Sources */ = {isa = PBXBuildFile; fileRef = BB5F44712226DB2500C77C54 /* AppDelegate.swift */; };
		BB5F44742226DB2500C77C54 /* ViewController.swift in Sources */ = {isa = PBXBuildFile; fileRef = BB5F44732226DB2500C77C54 /* ViewController.swift */; };
		BB5F44772226DB2500C77C54 /* Main.storyboard in Resources */ = {isa = PBXBuildFile; fileRef = BB5F44752226DB2500C77C54 /* Main.storyboard */; };
		BB5F44792226DB2700C77C54 /* Assets.xcassets in Resources */ = {isa = PBXBuildFile; fileRef = BB5F44782226DB2700C77C54 /* Assets.xcassets */; };
		BB5F447C2226DB2700C77C54 /* LaunchScreen.storyboard in Resources */ = {isa = PBXBuildFile; fileRef = BB5F447A2226DB2700C77C54 /* LaunchScreen.storyboard */; };
		BB5F44842226E95A00C77C54 /* SliderView.xib in Resources */ = {isa = PBXBuildFile; fileRef = BB5F44832226E95A00C77C54 /* SliderView.xib */; };
		BB5F44862226E9E300C77C54 /* SliderView.swift in Sources */ = {isa = PBXBuildFile; fileRef = BB5F44852226E9E300C77C54 /* SliderView.swift */; };
		BB8F46292248155400F4D5A2 /* CALayerView.swift in Sources */ = {isa = PBXBuildFile; fileRef = BB8F46252248155400F4D5A2 /* CALayerView.swift */; };
		BB8F462A2248155400F4D5A2 /* LineDashView.swift in Sources */ = {isa = PBXBuildFile; fileRef = BB8F46262248155400F4D5A2 /* LineDashView.swift */; };
		BB8F462C2248155400F4D5A2 /* GestureObject.swift in Sources */ = {isa = PBXBuildFile; fileRef = BB8F46282248155400F4D5A2 /* GestureObject.swift */; };
		BBABDFE6223552E200959558 /* AVPlayerModel.swift in Sources */ = {isa = PBXBuildFile; fileRef = BBABDFE5223552E200959558 /* AVPlayerModel.swift */; };
		BBABDFE82235CB6C00959558 /* MaskVideoModel.swift in Sources */ = {isa = PBXBuildFile; fileRef = BBABDFE72235CB6C00959558 /* MaskVideoModel.swift */; };
/* End PBXBuildFile section */

/* Begin PBXFileReference section */
		BB0A941F224983B5000ABEEA /* PickerViewController.swift */ = {isa = PBXFileReference; lastKnownFileType = sourcecode.swift; path = PickerViewController.swift; sourceTree = "<group>"; };
		BB0CE845223D8C4300A6A1B8 /* ImagePickerModel.swift */ = {isa = PBXFileReference; lastKnownFileType = sourcecode.swift; path = ImagePickerModel.swift; sourceTree = "<group>"; };
		BB5F446E2226DB2500C77C54 /* SampleSlider.app */ = {isa = PBXFileReference; explicitFileType = wrapper.application; includeInIndex = 0; path = SampleSlider.app; sourceTree = BUILT_PRODUCTS_DIR; };
		BB5F44712226DB2500C77C54 /* AppDelegate.swift */ = {isa = PBXFileReference; lastKnownFileType = sourcecode.swift; path = AppDelegate.swift; sourceTree = "<group>"; };
		BB5F44732226DB2500C77C54 /* ViewController.swift */ = {isa = PBXFileReference; lastKnownFileType = sourcecode.swift; path = ViewController.swift; sourceTree = "<group>"; };
		BB5F44762226DB2500C77C54 /* Base */ = {isa = PBXFileReference; lastKnownFileType = file.storyboard; name = Base; path = Base.lproj/Main.storyboard; sourceTree = "<group>"; };
		BB5F44782226DB2700C77C54 /* Assets.xcassets */ = {isa = PBXFileReference; lastKnownFileType = folder.assetcatalog; path = Assets.xcassets; sourceTree = "<group>"; };
		BB5F447B2226DB2700C77C54 /* Base */ = {isa = PBXFileReference; lastKnownFileType = file.storyboard; name = Base; path = Base.lproj/LaunchScreen.storyboard; sourceTree = "<group>"; };
		BB5F447D2226DB2700C77C54 /* Info.plist */ = {isa = PBXFileReference; lastKnownFileType = text.plist.xml; path = Info.plist; sourceTree = "<group>"; };
		BB5F44832226E95A00C77C54 /* SliderView.xib */ = {isa = PBXFileReference; lastKnownFileType = file.xib; path = SliderView.xib; sourceTree = "<group>"; };
		BB5F44852226E9E300C77C54 /* SliderView.swift */ = {isa = PBXFileReference; lastKnownFileType = sourcecode.swift; path = SliderView.swift; sourceTree = "<group>"; };
		BB8F46252248155400F4D5A2 /* CALayerView.swift */ = {isa = PBXFileReference; fileEncoding = 4; lastKnownFileType = sourcecode.swift; path = CALayerView.swift; sourceTree = "<group>"; };
		BB8F46262248155400F4D5A2 /* LineDashView.swift */ = {isa = PBXFileReference; fileEncoding = 4; lastKnownFileType = sourcecode.swift; path = LineDashView.swift; sourceTree = "<group>"; };
		BB8F46282248155400F4D5A2 /* GestureObject.swift */ = {isa = PBXFileReference; fileEncoding = 4; lastKnownFileType = sourcecode.swift; path = GestureObject.swift; sourceTree = "<group>"; };
		BBABDFE5223552E200959558 /* AVPlayerModel.swift */ = {isa = PBXFileReference; lastKnownFileType = sourcecode.swift; path = AVPlayerModel.swift; sourceTree = "<group>"; };
		BBABDFE72235CB6C00959558 /* MaskVideoModel.swift */ = {isa = PBXFileReference; lastKnownFileType = sourcecode.swift; path = MaskVideoModel.swift; sourceTree = "<group>"; };
/* End PBXFileReference section */

/* Begin PBXFrameworksBuildPhase section */
		BB5F446B2226DB2500C77C54 /* Frameworks */ = {
			isa = PBXFrameworksBuildPhase;
			buildActionMask = 2147483647;
			files = (
			);
			runOnlyForDeploymentPostprocessing = 0;
		};
/* End PBXFrameworksBuildPhase section */

/* Begin PBXGroup section */
		BB0A941E22498387000ABEEA /* PickerViewController */ = {
			isa = PBXGroup;
			children = (
				BB0A941F224983B5000ABEEA /* PickerViewController.swift */,
				BB0CE845223D8C4300A6A1B8 /* ImagePickerModel.swift */,
			);
			path = PickerViewController;
			sourceTree = "<group>";
		};
		BB0CE843223D86E000A6A1B8 /* Model */ = {
			isa = PBXGroup;
			children = (
				BBABDFE72235CB6C00959558 /* MaskVideoModel.swift */,
				BBABDFE5223552E200959558 /* AVPlayerModel.swift */,
			);
			path = Model;
			sourceTree = "<group>";
		};
		BB0CE844223D86EF00A6A1B8 /* SliderView */ = {
			isa = PBXGroup;
			children = (
				BB5F44852226E9E300C77C54 /* SliderView.swift */,
				BB5F44832226E95A00C77C54 /* SliderView.xib */,
			);
			path = SliderView;
			sourceTree = "<group>";
		};
		BB5F44652226DB2500C77C54 = {
			isa = PBXGroup;
			children = (
				BB5F44702226DB2500C77C54 /* SampleSlider */,
				BB5F446F2226DB2500C77C54 /* Products */,
			);
			sourceTree = "<group>";
		};
		BB5F446F2226DB2500C77C54 /* Products */ = {
			isa = PBXGroup;
			children = (
				BB5F446E2226DB2500C77C54 /* SampleSlider.app */,
			);
			name = Products;
			sourceTree = "<group>";
		};
		BB5F44702226DB2500C77C54 /* SampleSlider */ = {
			isa = PBXGroup;
			children = (
				BB5F44712226DB2500C77C54 /* AppDelegate.swift */,
				BB5F44732226DB2500C77C54 /* ViewController.swift */,
				BB0A941E22498387000ABEEA /* PickerViewController */,
				BB0CE844223D86EF00A6A1B8 /* SliderView */,
				BB8F46242248146000F4D5A2 /* Focus */,
				BB0CE843223D86E000A6A1B8 /* Model */,
				BB5F44752226DB2500C77C54 /* Main.storyboard */,
				BB5F44782226DB2700C77C54 /* Assets.xcassets */,
				BB5F447A2226DB2700C77C54 /* LaunchScreen.storyboard */,
				BB5F447D2226DB2700C77C54 /* Info.plist */,
			);
			path = SampleSlider;
			sourceTree = "<group>";
		};
		BB8F46242248146000F4D5A2 /* Focus */ = {
			isa = PBXGroup;
			children = (
				BB8F46252248155400F4D5A2 /* CALayerView.swift */,
				BB8F46282248155400F4D5A2 /* GestureObject.swift */,
				BB8F46262248155400F4D5A2 /* LineDashView.swift */,
			);
			path = Focus;
			sourceTree = "<group>";
		};
/* End PBXGroup section */

/* Begin PBXNativeTarget section */
		BB5F446D2226DB2500C77C54 /* SampleSlider */ = {
			isa = PBXNativeTarget;
			buildConfigurationList = BB5F44802226DB2700C77C54 /* Build configuration list for PBXNativeTarget "SampleSlider" */;
			buildPhases = (
				BB5F446A2226DB2500C77C54 /* Sources */,
				BB5F446B2226DB2500C77C54 /* Frameworks */,
				BB5F446C2226DB2500C77C54 /* Resources */,
			);
			buildRules = (
			);
			dependencies = (
			);
			name = SampleSlider;
			productName = SampleSlider;
			productReference = BB5F446E2226DB2500C77C54 /* SampleSlider.app */;
			productType = "com.apple.product-type.application";
		};
/* End PBXNativeTarget section */

/* Begin PBXProject section */
		BB5F44662226DB2500C77C54 /* Project object */ = {
			isa = PBXProject;
			attributes = {
				LastSwiftUpdateCheck = 1010;
				LastUpgradeCheck = 1010;
				ORGANIZATIONNAME = "永田大祐";
				TargetAttributes = {
					BB5F446D2226DB2500C77C54 = {
						CreatedOnToolsVersion = 10.1;
						LastSwiftMigration = 1020;
					};
				};
			};
			buildConfigurationList = BB5F44692226DB2500C77C54 /* Build configuration list for PBXProject "SampleSlider" */;
			compatibilityVersion = "Xcode 9.3";
			developmentRegion = en;
			hasScannedForEncodings = 0;
			knownRegions = (
				en,
				Base,
			);
			mainGroup = BB5F44652226DB2500C77C54;
			productRefGroup = BB5F446F2226DB2500C77C54 /* Products */;
			projectDirPath = "";
			projectRoot = "";
			targets = (
				BB5F446D2226DB2500C77C54 /* SampleSlider */,
			);
		};
/* End PBXProject section */

/* Begin PBXResourcesBuildPhase section */
		BB5F446C2226DB2500C77C54 /* Resources */ = {
			isa = PBXResourcesBuildPhase;
			buildActionMask = 2147483647;
			files = (
				BB5F447C2226DB2700C77C54 /* LaunchScreen.storyboard in Resources */,
				BB5F44792226DB2700C77C54 /* Assets.xcassets in Resources */,
				BB5F44842226E95A00C77C54 /* SliderView.xib in Resources */,
				BB5F44772226DB2500C77C54 /* Main.storyboard in Resources */,
			);
			runOnlyForDeploymentPostprocessing = 0;
		};
/* End PBXResourcesBuildPhase section */

/* Begin PBXSourcesBuildPhase section */
		BB5F446A2226DB2500C77C54 /* Sources */ = {
			isa = PBXSourcesBuildPhase;
			buildActionMask = 2147483647;
			files = (
				BB0A9420224983B5000ABEEA /* PickerViewController.swift in Sources */,
				BB8F462C2248155400F4D5A2 /* GestureObject.swift in Sources */,
				BB8F462A2248155400F4D5A2 /* LineDashView.swift in Sources */,
				BBABDFE82235CB6C00959558 /* MaskVideoModel.swift in Sources */,
				BB5F44742226DB2500C77C54 /* ViewController.swift in Sources */,
				BB8F46292248155400F4D5A2 /* CALayerView.swift in Sources */,
				BB5F44862226E9E300C77C54 /* SliderView.swift in Sources */,
				BB0CE846223D8C4300A6A1B8 /* ImagePickerModel.swift in Sources */,
				BB5F44722226DB2500C77C54 /* AppDelegate.swift in Sources */,
				BBABDFE6223552E200959558 /* AVPlayerModel.swift in Sources */,
			);
			runOnlyForDeploymentPostprocessing = 0;
		};
/* End PBXSourcesBuildPhase section */

/* Begin PBXVariantGroup section */
		BB5F44752226DB2500C77C54 /* Main.storyboard */ = {
			isa = PBXVariantGroup;
			children = (
				BB5F44762226DB2500C77C54 /* Base */,
			);
			name = Main.storyboard;
			sourceTree = "<group>";
		};
		BB5F447A2226DB2700C77C54 /* LaunchScreen.storyboard */ = {
			isa = PBXVariantGroup;
			children = (
				BB5F447B2226DB2700C77C54 /* Base */,
			);
			name = LaunchScreen.storyboard;
			sourceTree = "<group>";
		};
/* End PBXVariantGroup section */

/* Begin XCBuildConfiguration section */
		BB5F447E2226DB2700C77C54 /* Debug */ = {
			isa = XCBuildConfiguration;
			buildSettings = {
				ALWAYS_SEARCH_USER_PATHS = NO;
				CLANG_ANALYZER_NONNULL = YES;
				CLANG_ANALYZER_NUMBER_OBJECT_CONVERSION = YES_AGGRESSIVE;
				CLANG_CXX_LANGUAGE_STANDARD = "gnu++14";
				CLANG_CXX_LIBRARY = "libc++";
				CLANG_ENABLE_MODULES = YES;
				CLANG_ENABLE_OBJC_ARC = YES;
				CLANG_ENABLE_OBJC_WEAK = YES;
				CLANG_WARN_BLOCK_CAPTURE_AUTORELEASING = YES;
				CLANG_WARN_BOOL_CONVERSION = YES;
				CLANG_WARN_COMMA = YES;
				CLANG_WARN_CONSTANT_CONVERSION = YES;
				CLANG_WARN_DEPRECATED_OBJC_IMPLEMENTATIONS = YES;
				CLANG_WARN_DIRECT_OBJC_ISA_USAGE = YES_ERROR;
				CLANG_WARN_DOCUMENTATION_COMMENTS = YES;
				CLANG_WARN_EMPTY_BODY = YES;
				CLANG_WARN_ENUM_CONVERSION = YES;
				CLANG_WARN_INFINITE_RECURSION = YES;
				CLANG_WARN_INT_CONVERSION = YES;
				CLANG_WARN_NON_LITERAL_NULL_CONVERSION = YES;
				CLANG_WARN_OBJC_IMPLICIT_RETAIN_SELF = YES;
				CLANG_WARN_OBJC_LITERAL_CONVERSION = YES;
				CLANG_WARN_OBJC_ROOT_CLASS = YES_ERROR;
				CLANG_WARN_RANGE_LOOP_ANALYSIS = YES;
				CLANG_WARN_STRICT_PROTOTYPES = YES;
				CLANG_WARN_SUSPICIOUS_MOVE = YES;
				CLANG_WARN_UNGUARDED_AVAILABILITY = YES_AGGRESSIVE;
				CLANG_WARN_UNREACHABLE_CODE = YES;
				CLANG_WARN__DUPLICATE_METHOD_MATCH = YES;
				CODE_SIGN_IDENTITY = "iPhone Developer";
				COPY_PHASE_STRIP = NO;
				DEBUG_INFORMATION_FORMAT = dwarf;
				ENABLE_STRICT_OBJC_MSGSEND = YES;
				ENABLE_TESTABILITY = YES;
				GCC_C_LANGUAGE_STANDARD = gnu11;
				GCC_DYNAMIC_NO_PIC = NO;
				GCC_NO_COMMON_BLOCKS = YES;
				GCC_OPTIMIZATION_LEVEL = 0;
				GCC_PREPROCESSOR_DEFINITIONS = (
					"DEBUG=1",
					"$(inherited)",
				);
				GCC_WARN_64_TO_32_BIT_CONVERSION = YES;
				GCC_WARN_ABOUT_RETURN_TYPE = YES_ERROR;
				GCC_WARN_UNDECLARED_SELECTOR = YES;
				GCC_WARN_UNINITIALIZED_AUTOS = YES_AGGRESSIVE;
				GCC_WARN_UNUSED_FUNCTION = YES;
				GCC_WARN_UNUSED_VARIABLE = YES;
				IPHONEOS_DEPLOYMENT_TARGET = 12.1;
				MTL_ENABLE_DEBUG_INFO = INCLUDE_SOURCE;
				MTL_FAST_MATH = YES;
				ONLY_ACTIVE_ARCH = YES;
				SDKROOT = iphoneos;
				SWIFT_ACTIVE_COMPILATION_CONDITIONS = DEBUG;
				SWIFT_OPTIMIZATION_LEVEL = "-Onone";
			};
			name = Debug;
		};
		BB5F447F2226DB2700C77C54 /* Release */ = {
			isa = XCBuildConfiguration;
			buildSettings = {
				ALWAYS_SEARCH_USER_PATHS = NO;
				CLANG_ANALYZER_NONNULL = YES;
				CLANG_ANALYZER_NUMBER_OBJECT_CONVERSION = YES_AGGRESSIVE;
				CLANG_CXX_LANGUAGE_STANDARD = "gnu++14";
				CLANG_CXX_LIBRARY = "libc++";
				CLANG_ENABLE_MODULES = YES;
				CLANG_ENABLE_OBJC_ARC = YES;
				CLANG_ENABLE_OBJC_WEAK = YES;
				CLANG_WARN_BLOCK_CAPTURE_AUTORELEASING = YES;
				CLANG_WARN_BOOL_CONVERSION = YES;
				CLANG_WARN_COMMA = YES;
				CLANG_WARN_CONSTANT_CONVERSION = YES;
				CLANG_WARN_DEPRECATED_OBJC_IMPLEMENTATIONS = YES;
				CLANG_WARN_DIRECT_OBJC_ISA_USAGE = YES_ERROR;
				CLANG_WARN_DOCUMENTATION_COMMENTS = YES;
				CLANG_WARN_EMPTY_BODY = YES;
				CLANG_WARN_ENUM_CONVERSION = YES;
				CLANG_WARN_INFINITE_RECURSION = YES;
				CLANG_WARN_INT_CONVERSION = YES;
				CLANG_WARN_NON_LITERAL_NULL_CONVERSION = YES;
				CLANG_WARN_OBJC_IMPLICIT_RETAIN_SELF = YES;
				CLANG_WARN_OBJC_LITERAL_CONVERSION = YES;
				CLANG_WARN_OBJC_ROOT_CLASS = YES_ERROR;
				CLANG_WARN_RANGE_LOOP_ANALYSIS = YES;
				CLANG_WARN_STRICT_PROTOTYPES = YES;
				CLANG_WARN_SUSPICIOUS_MOVE = YES;
				CLANG_WARN_UNGUARDED_AVAILABILITY = YES_AGGRESSIVE;
				CLANG_WARN_UNREACHABLE_CODE = YES;
				CLANG_WARN__DUPLICATE_METHOD_MATCH = YES;
				CODE_SIGN_IDENTITY = "iPhone Developer";
				COPY_PHASE_STRIP = NO;
				DEBUG_INFORMATION_FORMAT = "dwarf-with-dsym";
				ENABLE_NS_ASSERTIONS = NO;
				ENABLE_STRICT_OBJC_MSGSEND = YES;
				GCC_C_LANGUAGE_STANDARD = gnu11;
				GCC_NO_COMMON_BLOCKS = YES;
				GCC_WARN_64_TO_32_BIT_CONVERSION = YES;
				GCC_WARN_ABOUT_RETURN_TYPE = YES_ERROR;
				GCC_WARN_UNDECLARED_SELECTOR = YES;
				GCC_WARN_UNINITIALIZED_AUTOS = YES_AGGRESSIVE;
				GCC_WARN_UNUSED_FUNCTION = YES;
				GCC_WARN_UNUSED_VARIABLE = YES;
				IPHONEOS_DEPLOYMENT_TARGET = 12.1;
				MTL_ENABLE_DEBUG_INFO = NO;
				MTL_FAST_MATH = YES;
				SDKROOT = iphoneos;
				SWIFT_COMPILATION_MODE = wholemodule;
				SWIFT_OPTIMIZATION_LEVEL = "-O";
				VALIDATE_PRODUCT = YES;
			};
			name = Release;
		};
		BB5F44812226DB2700C77C54 /* Debug */ = {
			isa = XCBuildConfiguration;
			buildSettings = {
				ASSETCATALOG_COMPILER_APPICON_NAME = AppIcon;
				CODE_SIGN_IDENTITY = "iPhone Developer";
				CODE_SIGN_STYLE = Automatic;
				DEVELOPMENT_TEAM = B3ZKJZUE9E;
				INFOPLIST_FILE = SampleSlider/Info.plist;
				LD_RUNPATH_SEARCH_PATHS = (
					"$(inherited)",
					"@executable_path/Frameworks",
				);
				PRODUCT_BUNDLE_IDENTIFIER = "com-dbank-com.SampleSlider";
				PRODUCT_NAME = "$(TARGET_NAME)";
				PROVISIONING_PROFILE_SPECIFIER = "";
				SWIFT_VERSION = 5.0;
				TARGETED_DEVICE_FAMILY = "1,2";
			};
			name = Debug;
		};
		BB5F44822226DB2700C77C54 /* Release */ = {
			isa = XCBuildConfiguration;
			buildSettings = {
				ASSETCATALOG_COMPILER_APPICON_NAME = AppIcon;
				CODE_SIGN_IDENTITY = "iPhone Developer";
				CODE_SIGN_STYLE = Automatic;
				DEVELOPMENT_TEAM = B3ZKJZUE9E;
				INFOPLIST_FILE = SampleSlider/Info.plist;
				LD_RUNPATH_SEARCH_PATHS = (
					"$(inherited)",
					"@executable_path/Frameworks",
				);
				PRODUCT_BUNDLE_IDENTIFIER = "com-dbank-com.SampleSlider";
				PRODUCT_NAME = "$(TARGET_NAME)";
				PROVISIONING_PROFILE_SPECIFIER = "";
				SWIFT_VERSION = 5.0;
				TARGETED_DEVICE_FAMILY = "1,2";
			};
			name = Release;
		};
/* End XCBuildConfiguration section */

/* Begin XCConfigurationList section */
		BB5F44692226DB2500C77C54 /* Build configuration list for PBXProject "SampleSlider" */ = {
			isa = XCConfigurationList;
			buildConfigurations = (
				BB5F447E2226DB2700C77C54 /* Debug */,
				BB5F447F2226DB2700C77C54 /* Release */,
			);
			defaultConfigurationIsVisible = 0;
			defaultConfigurationName = Release;
		};
		BB5F44802226DB2700C77C54 /* Build configuration list for PBXNativeTarget "SampleSlider" */ = {
			isa = XCConfigurationList;
			buildConfigurations = (
				BB5F44812226DB2700C77C54 /* Debug */,
				BB5F44822226DB2700C77C54 /* Release */,
			);
			defaultConfigurationIsVisible = 0;
			defaultConfigurationName = Release;
		};
/* End XCConfigurationList section */
	};
	rootObject = BB5F44662226DB2500C77C54 /* Project object */;
}
